
Microsoft Visual Studio Solution File, Format Version 12.00
Project("{FAE04EC0-301F-11D3-BF4B-00C04F79EFBC}") = "AgentsVoronzov", "AgentsVoronzov\AgentsVoronzov.csproj", "{F2E51EAE-E9C1-4078-8AB4-271BF2C0029E}"
EndProject
Global
	GlobalSection(SolutionConfigurationPlatforms) = preSolution
		Debug|Any CPU = Debug|Any CPU
		Release|Any CPU = Release|Any CPU
	EndGlobalSection
	GlobalSection(ProjectConfigurationPlatforms) = postSolution
		{F2E51EAE-E9C1-4078-8AB4-271BF2C0029E}.Debug|Any CPU.ActiveCfg = Debug|Any CPU
		{F2E51EAE-E9C1-4078-8AB4-271BF2C0029E}.Debug|Any CPU.Build.0 = Debug|Any CPU
		{F2E51EAE-E9C1-4078-8AB4-271BF2C0029E}.Release|Any CPU.ActiveCfg = Release|Any CPU
		{F2E51EAE-E9C1-4078-8AB4-271BF2C0029E}.Release|Any CPU.Build.0 = Release|Any CPU
	EndGlobalSection
EndGlobal
